
Microsoft Visual Studio Solution File, Format Version 12.00
# Visual Studio Version 17
VisualStudioVersion = 17.10.35122.118
MinimumVisualStudioVersion = 10.0.40219.1
Project("{FAE04EC0-301F-11D3-BF4B-00C04F79EFBC}") = "PhoneDirectory", "PhoneDirectory\PhoneDirectory.csproj", "{09EF5DE8-856E-4C0D-B036-9CD80123E2E9}"
EndProject
Global
	GlobalSection(SolutionConfigurationPlatforms) = preSolution
		Debug|Any CPU = Debug|Any CPU
		Release|Any CPU = Release|Any CPU
	EndGlobalSection
	GlobalSection(ProjectConfigurationPlatforms) = postSolution
		{09EF5DE8-856E-4C0D-B036-9CD80123E2E9}.Debug|Any CPU.ActiveCfg = Debug|Any CPU
		{09EF5DE8-856E-4C0D-B036-9CD80123E2E9}.Debug|Any CPU.Build.0 = Debug|Any CPU
		{09EF5DE8-856E-4C0D-B036-9CD80123E2E9}.Release|Any CPU.ActiveCfg = Release|Any CPU
		{09EF5DE8-856E-4C0D-B036-9CD80123E2E9}.Release|Any CPU.Build.0 = Release|Any CPU
	EndGlobalSection
	GlobalSection(SolutionProperties) = preSolution
		HideSolutionNode = FALSE
	EndGlobalSection
	GlobalSection(ExtensibilityGlobals) = postSolution
		SolutionGuid = {40CB6417-8760-4651-A461-8538232B476B}
	EndGlobalSection
EndGlobal
